// !$*UTF8*$!
{
	archiveVersion = 1;
	classes = {
	};
	objectVersion = 77;
	objects = {

/* Begin PBXBuildFile section */
		0B318815788DFBD48CA7E067 /* BioTrackerApp.swift in Sources */ = {isa = PBXBuildFile; fileRef = 0F3ADA08D10590DD12752FCD /* BioTrackerApp.swift */; };
		0D959E89E9FB8FE95DA02134 /* SettingsView.swift in Sources */ = {isa = PBXBuildFile; fileRef = 32EC3E2EA953309EB16E7594 /* SettingsView.swift */; };
		17A1E862C30E10413D9CA368 /* ImportView.swift in Sources */ = {isa = PBXBuildFile; fileRef = D62DE2C3BA976F83F6D10393 /* ImportView.swift */; };
		2359DAABEB51212AB1FE2437 /* CategoryDetailView.swift in Sources */ = {isa = PBXBuildFile; fileRef = 8FF136A2E8D94464FC84D47F /* CategoryDetailView.swift */; };
		2D2112DDC118DB82B4E273EC /* TrendCalculator.swift in Sources */ = {isa = PBXBuildFile; fileRef = 6C936C63949D2D9FEF233D13 /* TrendCalculator.swift */; };
		31EEC7AC953015D39E1DF093 /* Biomarker.swift in Sources */ = {isa = PBXBuildFile; fileRef = C7820575F03D948A4A18D625 /* Biomarker.swift */; };
		388B65EE0C73DFA24C292352 /* MiniSparkline.swift in Sources */ = {isa = PBXBuildFile; fileRef = A1BCC82C67F7A46FFF578B7B /* MiniSparkline.swift */; };
		442D3600EEBD82FB7DB48CA0 /* ExtractionService.swift in Sources */ = {isa = PBXBuildFile; fileRef = 0273DDFED4FF90E71B428B2F /* ExtractionService.swift */; };
		458DF7E66D8CF85508D2B2FA /* Color+Extensions.swift in Sources */ = {isa = PBXBuildFile; fileRef = 87BE80E1A8B3AC3D2181EFBB /* Color+Extensions.swift */; };
		4F5E5BB3623B40EC7A6134F4 /* SeedService.swift in Sources */ = {isa = PBXBuildFile; fileRef = 3CD7DEC4D153930D18453175 /* SeedService.swift */; };
		50CB94BFD6AD3D11D55B8D9D /* PhotoCaptureView.swift in Sources */ = {isa = PBXBuildFile; fileRef = 305E61B433E087AD3CCE83D2 /* PhotoCaptureView.swift */; };
		5555034EBEEEEDB321CDD2E0 /* ReadingFlag.swift in Sources */ = {isa = PBXBuildFile; fileRef = 8C3809A91D2910390710A28C /* ReadingFlag.swift */; };
		5B1944019814723AB8176A6D /* StatusBadge.swift in Sources */ = {isa = PBXBuildFile; fileRef = B5BD42AF78FA1C0F7A484B1E /* StatusBadge.swift */; };
		61B9AAC723EF8FB53A27FBD2 /* BiomarkerTrendChart.swift in Sources */ = {isa = PBXBuildFile; fileRef = 4A61B65366A9FE958386749F /* BiomarkerTrendChart.swift */; };
		73104548238D56C1CE6C518D /* Date+Extensions.swift in Sources */ = {isa = PBXBuildFile; fileRef = 565C72D037C53BCCF0F1E406 /* Date+Extensions.swift */; };
		86F4E037BD479C586188F259 /* ExportService.swift in Sources */ = {isa = PBXBuildFile; fileRef = 8AE52AB469785329CC1C4447 /* ExportService.swift */; };
		9416B12408506D43B3972A57 /* SettingsTile.swift in Sources */ = {isa = PBXBuildFile; fileRef = 0DBDB28E8EE0A432B5EBD261 /* SettingsTile.swift */; };
		955A8004E62F8E03F582A3F5 /* TrendIndicator.swift in Sources */ = {isa = PBXBuildFile; fileRef = DC087F718CB87B3850F783A2 /* TrendIndicator.swift */; };
		9AD61C8CEEE214E2288BA6AF /* BiomarkerCategory.swift in Sources */ = {isa = PBXBuildFile; fileRef = EDC2906DA0525533E8B92C64 /* BiomarkerCategory.swift */; };
		9CCFB381FB3B77D359A3E66D /* ImportService.swift in Sources */ = {isa = PBXBuildFile; fileRef = EF29C2B561145869FA8BF696 /* ImportService.swift */; };
		A61B360761573B6A7E8D69D6 /* BloodDraw.swift in Sources */ = {isa = PBXBuildFile; fileRef = 4B1D37FBCD387EE12505C082 /* BloodDraw.swift */; };
		AAB4542152162ABA568F8DAA /* BiomarkerDetailView.swift in Sources */ = {isa = PBXBuildFile; fileRef = DBAAE1EADAADAE6DC2A0E7A9 /* BiomarkerDetailView.swift */; };
		B8D1EF327F2F23DEF5F89776 /* HealthView.swift in Sources */ = {isa = PBXBuildFile; fileRef = CC2B99C8009588CA433D58FB /* HealthView.swift */; };
		C219448A268D186C40841D73 /* TimelineView.swift in Sources */ = {isa = PBXBuildFile; fileRef = 107A91BEB8BF26E5CBF91379 /* TimelineView.swift */; };
		C8F9880D7C5835209E1CAB59 /* DefaultBiomarkers.json in Resources */ = {isa = PBXBuildFile; fileRef = 3F01A18B7BFF7E74D107DA06 /* DefaultBiomarkers.json */; };
		D2FAC62A566CB654DA4B06DE /* ContentView.swift in Sources */ = {isa = PBXBuildFile; fileRef = E85153FE919C14E6E378DE8A /* ContentView.swift */; };
		DA6322FC82897DF70E96551C /* EmptyStateView.swift in Sources */ = {isa = PBXBuildFile; fileRef = 582CE276F37684684518AD5D /* EmptyStateView.swift */; };
		E029B613C2596E27B2FC6AA3 /* BiomarkerReading.swift in Sources */ = {isa = PBXBuildFile; fileRef = 565C5BCDF8CB556A6CEA599B /* BiomarkerReading.swift */; };
		ED1F8CEC28C80C0C6E42570D /* ImportReviewView.swift in Sources */ = {isa = PBXBuildFile; fileRef = CB8F64258124BDF15993D265 /* ImportReviewView.swift */; };
		F85CF201A386B2BFC2B2DA0B /* JSONSchemas.swift in Sources */ = {isa = PBXBuildFile; fileRef = 8335CA9B18707C7E8A34FB72 /* JSONSchemas.swift */; };
		F8CDBC0DD56D7FBD051F6DED /* BiomarkerRow.swift in Sources */ = {isa = PBXBuildFile; fileRef = 11CF13917ADF8F4705BEAE15 /* BiomarkerRow.swift */; };
		F903D0D88B4B93B8B0958526 /* ExportView.swift in Sources */ = {isa = PBXBuildFile; fileRef = B50CDC9637FDF11FFC6525D7 /* ExportView.swift */; };
/* End PBXBuildFile section */

/* Begin PBXFileReference section */
		0273DDFED4FF90E71B428B2F /* ExtractionService.swift */ = {isa = PBXFileReference; lastKnownFileType = sourcecode.swift; path = ExtractionService.swift; sourceTree = "<group>"; };
		0DBDB28E8EE0A432B5EBD261 /* SettingsTile.swift */ = {isa = PBXFileReference; lastKnownFileType = sourcecode.swift; path = SettingsTile.swift; sourceTree = "<group>"; };
		0F3ADA08D10590DD12752FCD /* BioTrackerApp.swift */ = {isa = PBXFileReference; lastKnownFileType = sourcecode.swift; path = BioTrackerApp.swift; sourceTree = "<group>"; };
		107A91BEB8BF26E5CBF91379 /* TimelineView.swift */ = {isa = PBXFileReference; lastKnownFileType = sourcecode.swift; path = TimelineView.swift; sourceTree = "<group>"; };
		11CF13917ADF8F4705BEAE15 /* BiomarkerRow.swift */ = {isa = PBXFileReference; lastKnownFileType = sourcecode.swift; path = BiomarkerRow.swift; sourceTree = "<group>"; };
		305E61B433E087AD3CCE83D2 /* PhotoCaptureView.swift */ = {isa = PBXFileReference; lastKnownFileType = sourcecode.swift; path = PhotoCaptureView.swift; sourceTree = "<group>"; };
		32EC3E2EA953309EB16E7594 /* SettingsView.swift */ = {isa = PBXFileReference; lastKnownFileType = sourcecode.swift; path = SettingsView.swift; sourceTree = "<group>"; };
		3CD7DEC4D153930D18453175 /* SeedService.swift */ = {isa = PBXFileReference; lastKnownFileType = sourcecode.swift; path = SeedService.swift; sourceTree = "<group>"; };
		3F01A18B7BFF7E74D107DA06 /* DefaultBiomarkers.json */ = {isa = PBXFileReference; lastKnownFileType = text.json; path = DefaultBiomarkers.json; sourceTree = "<group>"; };
		4A61B65366A9FE958386749F /* BiomarkerTrendChart.swift */ = {isa = PBXFileReference; lastKnownFileType = sourcecode.swift; path = BiomarkerTrendChart.swift; sourceTree = "<group>"; };
		4B1D37FBCD387EE12505C082 /* BloodDraw.swift */ = {isa = PBXFileReference; lastKnownFileType = sourcecode.swift; path = BloodDraw.swift; sourceTree = "<group>"; };
		565C5BCDF8CB556A6CEA599B /* BiomarkerReading.swift */ = {isa = PBXFileReference; lastKnownFileType = sourcecode.swift; path = BiomarkerReading.swift; sourceTree = "<group>"; };
		565C72D037C53BCCF0F1E406 /* Date+Extensions.swift */ = {isa = PBXFileReference; lastKnownFileType = sourcecode.swift; path = "Date+Extensions.swift"; sourceTree = "<group>"; };
		570B763B3F151DBC799B9E38 /* BioTracker.app */ = {isa = PBXFileReference; includeInIndex = 0; lastKnownFileType = wrapper.application; path = BioTracker.app; sourceTree = BUILT_PRODUCTS_DIR; };
		582CE276F37684684518AD5D /* EmptyStateView.swift */ = {isa = PBXFileReference; lastKnownFileType = sourcecode.swift; path = EmptyStateView.swift; sourceTree = "<group>"; };
		6C936C63949D2D9FEF233D13 /* TrendCalculator.swift */ = {isa = PBXFileReference; lastKnownFileType = sourcecode.swift; path = TrendCalculator.swift; sourceTree = "<group>"; };
		73B8F390B256A40C60E5D7CD /* BioTracker.entitlements */ = {isa = PBXFileReference; lastKnownFileType = text.plist.entitlements; path = BioTracker.entitlements; sourceTree = "<group>"; };
		8335CA9B18707C7E8A34FB72 /* JSONSchemas.swift */ = {isa = PBXFileReference; lastKnownFileType = sourcecode.swift; path = JSONSchemas.swift; sourceTree = "<group>"; };
		87BE80E1A8B3AC3D2181EFBB /* Color+Extensions.swift */ = {isa = PBXFileReference; lastKnownFileType = sourcecode.swift; path = "Color+Extensions.swift"; sourceTree = "<group>"; };
		8AE52AB469785329CC1C4447 /* ExportService.swift */ = {isa = PBXFileReference; lastKnownFileType = sourcecode.swift; path = ExportService.swift; sourceTree = "<group>"; };
		8C3809A91D2910390710A28C /* ReadingFlag.swift */ = {isa = PBXFileReference; lastKnownFileType = sourcecode.swift; path = ReadingFlag.swift; sourceTree = "<group>"; };
		8FF136A2E8D94464FC84D47F /* CategoryDetailView.swift */ = {isa = PBXFileReference; lastKnownFileType = sourcecode.swift; path = CategoryDetailView.swift; sourceTree = "<group>"; };
		A1BCC82C67F7A46FFF578B7B /* MiniSparkline.swift */ = {isa = PBXFileReference; lastKnownFileType = sourcecode.swift; path = MiniSparkline.swift; sourceTree = "<group>"; };
		B50CDC9637FDF11FFC6525D7 /* ExportView.swift */ = {isa = PBXFileReference; lastKnownFileType = sourcecode.swift; path = ExportView.swift; sourceTree = "<group>"; };
		B5BD42AF78FA1C0F7A484B1E /* StatusBadge.swift */ = {isa = PBXFileReference; lastKnownFileType = sourcecode.swift; path = StatusBadge.swift; sourceTree = "<group>"; };
		C7820575F03D948A4A18D625 /* Biomarker.swift */ = {isa = PBXFileReference; lastKnownFileType = sourcecode.swift; path = Biomarker.swift; sourceTree = "<group>"; };
		CB8F64258124BDF15993D265 /* ImportReviewView.swift */ = {isa = PBXFileReference; lastKnownFileType = sourcecode.swift; path = ImportReviewView.swift; sourceTree = "<group>"; };
		CC2B99C8009588CA433D58FB /* HealthView.swift */ = {isa = PBXFileReference; lastKnownFileType = sourcecode.swift; path = HealthView.swift; sourceTree = "<group>"; };
		D62DE2C3BA976F83F6D10393 /* ImportView.swift */ = {isa = PBXFileReference; lastKnownFileType = sourcecode.swift; path = ImportView.swift; sourceTree = "<group>"; };
		DBAAE1EADAADAE6DC2A0E7A9 /* BiomarkerDetailView.swift */ = {isa = PBXFileReference; lastKnownFileType = sourcecode.swift; path = BiomarkerDetailView.swift; sourceTree = "<group>"; };
		DC087F718CB87B3850F783A2 /* TrendIndicator.swift */ = {isa = PBXFileReference; lastKnownFileType = sourcecode.swift; path = TrendIndicator.swift; sourceTree = "<group>"; };
		E85153FE919C14E6E378DE8A /* ContentView.swift */ = {isa = PBXFileReference; lastKnownFileType = sourcecode.swift; path = ContentView.swift; sourceTree = "<group>"; };
		EDC2906DA0525533E8B92C64 /* BiomarkerCategory.swift */ = {isa = PBXFileReference; lastKnownFileType = sourcecode.swift; path = BiomarkerCategory.swift; sourceTree = "<group>"; };
		EF29C2B561145869FA8BF696 /* ImportService.swift */ = {isa = PBXFileReference; lastKnownFileType = sourcecode.swift; path = ImportService.swift; sourceTree = "<group>"; };
/* End PBXFileReference section */

/* Begin PBXGroup section */
		0B5CF19BB58FC583D7DA1B9B /* Models */ = {
			isa = PBXGroup;
			children = (
				C7820575F03D948A4A18D625 /* Biomarker.swift */,
				565C5BCDF8CB556A6CEA599B /* BiomarkerReading.swift */,
				4B1D37FBCD387EE12505C082 /* BloodDraw.swift */,
				7B4CB678A627B4839499A84E /* Enums */,
			);
			path = Models;
			sourceTree = "<group>";
		};
		19D6F78BD2AC89D974498A4E /* Resources */ = {
			isa = PBXGroup;
			children = (
				3F01A18B7BFF7E74D107DA06 /* DefaultBiomarkers.json */,
			);
			path = Resources;
			sourceTree = "<group>";
		};
		250B0CA6B1D50904117E9C1E /* Settings */ = {
			isa = PBXGroup;
			children = (
				B50CDC9637FDF11FFC6525D7 /* ExportView.swift */,
				D62DE2C3BA976F83F6D10393 /* ImportView.swift */,
				32EC3E2EA953309EB16E7594 /* SettingsView.swift */,
			);
			path = Settings;
			sourceTree = "<group>";
		};
		360CED77C126F1B9BB7F7A3F /* Dashboard */ = {
			isa = PBXGroup;
			children = (
				11CF13917ADF8F4705BEAE15 /* BiomarkerRow.swift */,
			);
			path = Dashboard;
			sourceTree = "<group>";
		};
		442385A02102B1694DB71AF4 /* Import */ = {
			isa = PBXGroup;
			children = (
				CB8F64258124BDF15993D265 /* ImportReviewView.swift */,
			);
			path = Import;
			sourceTree = "<group>";
		};
		53985A365C594FD955E19CB4 /* Services */ = {
			isa = PBXGroup;
			children = (
				8AE52AB469785329CC1C4447 /* ExportService.swift */,
				0273DDFED4FF90E71B428B2F /* ExtractionService.swift */,
				EF29C2B561145869FA8BF696 /* ImportService.swift */,
				3CD7DEC4D153930D18453175 /* SeedService.swift */,
				6C936C63949D2D9FEF233D13 /* TrendCalculator.swift */,
			);
			path = Services;
			sourceTree = "<group>";
		};
		5C2C9D91919E3107593831FA = {
			isa = PBXGroup;
			children = (
				B1111AB9D3AE85CD07B897A0 /* BioTracker */,
				D1F8F45E10CD922A6D0E4650 /* Products */,
			);
			sourceTree = "<group>";
		};
		700B31A5FE214F82DCAF78BB /* Shared */ = {
			isa = PBXGroup;
			children = (
				582CE276F37684684518AD5D /* EmptyStateView.swift */,
				A1BCC82C67F7A46FFF578B7B /* MiniSparkline.swift */,
				0DBDB28E8EE0A432B5EBD261 /* SettingsTile.swift */,
				B5BD42AF78FA1C0F7A484B1E /* StatusBadge.swift */,
				DC087F718CB87B3850F783A2 /* TrendIndicator.swift */,
			);
			path = Shared;
			sourceTree = "<group>";
		};
		731ABF3BD2978FC80A2BD51F /* Health */ = {
			isa = PBXGroup;
			children = (
				8FF136A2E8D94464FC84D47F /* CategoryDetailView.swift */,
				CC2B99C8009588CA433D58FB /* HealthView.swift */,
			);
			path = Health;
			sourceTree = "<group>";
		};
		7B4CB678A627B4839499A84E /* Enums */ = {
			isa = PBXGroup;
			children = (
				EDC2906DA0525533E8B92C64 /* BiomarkerCategory.swift */,
				8C3809A91D2910390710A28C /* ReadingFlag.swift */,
			);
			path = Enums;
			sourceTree = "<group>";
		};
		81CC3F91331A255DFF8B53B5 /* Utilities */ = {
			isa = PBXGroup;
			children = (
				87BE80E1A8B3AC3D2181EFBB /* Color+Extensions.swift */,
				565C72D037C53BCCF0F1E406 /* Date+Extensions.swift */,
				8335CA9B18707C7E8A34FB72 /* JSONSchemas.swift */,
			);
			path = Utilities;
			sourceTree = "<group>";
		};
		A84070114ABA5CE3EBFC3D90 /* Capture */ = {
			isa = PBXGroup;
			children = (
				305E61B433E087AD3CCE83D2 /* PhotoCaptureView.swift */,
			);
			path = Capture;
			sourceTree = "<group>";
		};
		B1111AB9D3AE85CD07B897A0 /* BioTracker */ = {
			isa = PBXGroup;
			children = (
				73B8F390B256A40C60E5D7CD /* BioTracker.entitlements */,
				0F3ADA08D10590DD12752FCD /* BioTrackerApp.swift */,
				E85153FE919C14E6E378DE8A /* ContentView.swift */,
				EC674240D8C92404B4AF295D /* Charts */,
				0B5CF19BB58FC583D7DA1B9B /* Models */,
				19D6F78BD2AC89D974498A4E /* Resources */,
				53985A365C594FD955E19CB4 /* Services */,
				81CC3F91331A255DFF8B53B5 /* Utilities */,
				F2271C5D5CD3E36D93C19A28 /* Views */,
			);
			path = BioTracker;
			sourceTree = "<group>";
		};
		BE5541A4DC9971C3C9DE4432 /* Timeline */ = {
			isa = PBXGroup;
			children = (
				107A91BEB8BF26E5CBF91379 /* TimelineView.swift */,
			);
			path = Timeline;
			sourceTree = "<group>";
		};
		C507643E51BFF0E8697FB28D /* BiomarkerDetail */ = {
			isa = PBXGroup;
			children = (
				DBAAE1EADAADAE6DC2A0E7A9 /* BiomarkerDetailView.swift */,
			);
			path = BiomarkerDetail;
			sourceTree = "<group>";
		};
		D1F8F45E10CD922A6D0E4650 /* Products */ = {
			isa = PBXGroup;
			children = (
				570B763B3F151DBC799B9E38 /* BioTracker.app */,
			);
			name = Products;
			sourceTree = "<group>";
		};
		EC674240D8C92404B4AF295D /* Charts */ = {
			isa = PBXGroup;
			children = (
				4A61B65366A9FE958386749F /* BiomarkerTrendChart.swift */,
			);
			path = Charts;
			sourceTree = "<group>";
		};
		F2271C5D5CD3E36D93C19A28 /* Views */ = {
			isa = PBXGroup;
			children = (
				C507643E51BFF0E8697FB28D /* BiomarkerDetail */,
				A84070114ABA5CE3EBFC3D90 /* Capture */,
				360CED77C126F1B9BB7F7A3F /* Dashboard */,
				731ABF3BD2978FC80A2BD51F /* Health */,
				442385A02102B1694DB71AF4 /* Import */,
				250B0CA6B1D50904117E9C1E /* Settings */,
				700B31A5FE214F82DCAF78BB /* Shared */,
				BE5541A4DC9971C3C9DE4432 /* Timeline */,
			);
			path = Views;
			sourceTree = "<group>";
		};
/* End PBXGroup section */

/* Begin PBXNativeTarget section */
		853207515B26576838FE0D57 /* BioTracker */ = {
			isa = PBXNativeTarget;
			buildConfigurationList = 9D8F70EBF6D2300DA881F190 /* Build configuration list for PBXNativeTarget "BioTracker" */;
			buildPhases = (
				DE1ED7CD8D4158B09ECC3D3F /* Sources */,
				2BADD290001C13799E1587FC /* Resources */,
			);
			buildRules = (
			);
			dependencies = (
			);
			name = BioTracker;
			packageProductDependencies = (
			);
			productName = BioTracker;
			productReference = 570B763B3F151DBC799B9E38 /* BioTracker.app */;
			productType = "com.apple.product-type.application";
		};
/* End PBXNativeTarget section */

/* Begin PBXProject section */
		BF6C54E3874308D52D02EBBB /* Project object */ = {
			isa = PBXProject;
			attributes = {
				BuildIndependentTargetsInParallel = YES;
				LastUpgradeCheck = 1430;
			};
			buildConfigurationList = 7C3C5687A2A0F808D07EDF64 /* Build configuration list for PBXProject "BioTracker" */;
			compatibilityVersion = "Xcode 14.0";
			developmentRegion = en;
			hasScannedForEncodings = 0;
			knownRegions = (
				Base,
				en,
			);
			mainGroup = 5C2C9D91919E3107593831FA;
			minimizedProjectReferenceProxies = 1;
			preferredProjectObjectVersion = 77;
			projectDirPath = "";
			projectRoot = "";
			targets = (
				853207515B26576838FE0D57 /* BioTracker */,
			);
		};
/* End PBXProject section */

/* Begin PBXResourcesBuildPhase section */
		2BADD290001C13799E1587FC /* Resources */ = {
			isa = PBXResourcesBuildPhase;
			buildActionMask = 2147483647;
			files = (
				C8F9880D7C5835209E1CAB59 /* DefaultBiomarkers.json in Resources */,
			);
			runOnlyForDeploymentPostprocessing = 0;
		};
/* End PBXResourcesBuildPhase section */

/* Begin PBXSourcesBuildPhase section */
		DE1ED7CD8D4158B09ECC3D3F /* Sources */ = {
			isa = PBXSourcesBuildPhase;
			buildActionMask = 2147483647;
			files = (
				0B318815788DFBD48CA7E067 /* BioTrackerApp.swift in Sources */,
				31EEC7AC953015D39E1DF093 /* Biomarker.swift in Sources */,
				9AD61C8CEEE214E2288BA6AF /* BiomarkerCategory.swift in Sources */,
				AAB4542152162ABA568F8DAA /* BiomarkerDetailView.swift in Sources */,
				E029B613C2596E27B2FC6AA3 /* BiomarkerReading.swift in Sources */,
				F8CDBC0DD56D7FBD051F6DED /* BiomarkerRow.swift in Sources */,
				61B9AAC723EF8FB53A27FBD2 /* BiomarkerTrendChart.swift in Sources */,
				A61B360761573B6A7E8D69D6 /* BloodDraw.swift in Sources */,
				2359DAABEB51212AB1FE2437 /* CategoryDetailView.swift in Sources */,
				458DF7E66D8CF85508D2B2FA /* Color+Extensions.swift in Sources */,
				D2FAC62A566CB654DA4B06DE /* ContentView.swift in Sources */,
				73104548238D56C1CE6C518D /* Date+Extensions.swift in Sources */,
				DA6322FC82897DF70E96551C /* EmptyStateView.swift in Sources */,
				86F4E037BD479C586188F259 /* ExportService.swift in Sources */,
				F903D0D88B4B93B8B0958526 /* ExportView.swift in Sources */,
				442D3600EEBD82FB7DB48CA0 /* ExtractionService.swift in Sources */,
				B8D1EF327F2F23DEF5F89776 /* HealthView.swift in Sources */,
				ED1F8CEC28C80C0C6E42570D /* ImportReviewView.swift in Sources */,
				9CCFB381FB3B77D359A3E66D /* ImportService.swift in Sources */,
				17A1E862C30E10413D9CA368 /* ImportView.swift in Sources */,
				F85CF201A386B2BFC2B2DA0B /* JSONSchemas.swift in Sources */,
				388B65EE0C73DFA24C292352 /* MiniSparkline.swift in Sources */,
				50CB94BFD6AD3D11D55B8D9D /* PhotoCaptureView.swift in Sources */,
				5555034EBEEEEDB321CDD2E0 /* ReadingFlag.swift in Sources */,
				4F5E5BB3623B40EC7A6134F4 /* SeedService.swift in Sources */,
				9416B12408506D43B3972A57 /* SettingsTile.swift in Sources */,
				0D959E89E9FB8FE95DA02134 /* SettingsView.swift in Sources */,
				5B1944019814723AB8176A6D /* StatusBadge.swift in Sources */,
				C219448A268D186C40841D73 /* TimelineView.swift in Sources */,
				2D2112DDC118DB82B4E273EC /* TrendCalculator.swift in Sources */,
				955A8004E62F8E03F582A3F5 /* TrendIndicator.swift in Sources */,
			);
			runOnlyForDeploymentPostprocessing = 0;
		};
/* End PBXSourcesBuildPhase section */

/* Begin XCBuildConfiguration section */
		9AEB4B970F89DADA33FF1EC9 /* Debug */ = {
			isa = XCBuildConfiguration;
			buildSettings = {
				ALWAYS_SEARCH_USER_PATHS = NO;
				CLANG_ANALYZER_NONNULL = YES;
				CLANG_ANALYZER_NUMBER_OBJECT_CONVERSION = YES_AGGRESSIVE;
				CLANG_CXX_LANGUAGE_STANDARD = "gnu++14";
				CLANG_CXX_LIBRARY = "libc++";
				CLANG_ENABLE_MODULES = YES;
				CLANG_ENABLE_OBJC_ARC = YES;
				CLANG_ENABLE_OBJC_WEAK = YES;
				CLANG_WARN_BLOCK_CAPTURE_AUTORELEASING = YES;
				CLANG_WARN_BOOL_CONVERSION = YES;
				CLANG_WARN_COMMA = YES;
				CLANG_WARN_CONSTANT_CONVERSION = YES;
				CLANG_WARN_DEPRECATED_OBJC_IMPLEMENTATIONS = YES;
				CLANG_WARN_DIRECT_OBJC_ISA_USAGE = YES_ERROR;
				CLANG_WARN_DOCUMENTATION_COMMENTS = YES;
				CLANG_WARN_EMPTY_BODY = YES;
				CLANG_WARN_ENUM_CONVERSION = YES;
				CLANG_WARN_INFINITE_RECURSION = YES;
				CLANG_WARN_INT_CONVERSION = YES;
				CLANG_WARN_NON_LITERAL_NULL_CONVERSION = YES;
				CLANG_WARN_OBJC_IMPLICIT_RETAIN_SELF = YES;
				CLANG_WARN_OBJC_LITERAL_CONVERSION = YES;
				CLANG_WARN_OBJC_ROOT_CLASS = YES_ERROR;
				CLANG_WARN_QUOTED_INCLUDE_IN_FRAMEWORK_HEADER = YES;
				CLANG_WARN_RANGE_LOOP_ANALYSIS = YES;
				CLANG_WARN_STRICT_PROTOTYPES = YES;
				CLANG_WARN_SUSPICIOUS_MOVE = YES;
				CLANG_WARN_UNGUARDED_AVAILABILITY = YES_AGGRESSIVE;
				CLANG_WARN_UNREACHABLE_CODE = YES;
				CLANG_WARN__DUPLICATE_METHOD_MATCH = YES;
				COPY_PHASE_STRIP = NO;
				DEBUG_INFORMATION_FORMAT = dwarf;
				ENABLE_STRICT_OBJC_MSGSEND = YES;
				ENABLE_TESTABILITY = YES;
				GCC_C_LANGUAGE_STANDARD = gnu11;
				GCC_DYNAMIC_NO_PIC = NO;
				GCC_NO_COMMON_BLOCKS = YES;
				GCC_OPTIMIZATION_LEVEL = 0;
				GCC_PREPROCESSOR_DEFINITIONS = (
					"$(inherited)",
					"DEBUG=1",
				);
				GCC_WARN_64_TO_32_BIT_CONVERSION = YES;
				GCC_WARN_ABOUT_RETURN_TYPE = YES_ERROR;
				GCC_WARN_UNDECLARED_SELECTOR = YES;
				GCC_WARN_UNINITIALIZED_AUTOS = YES_AGGRESSIVE;
				GCC_WARN_UNUSED_FUNCTION = YES;
				GCC_WARN_UNUSED_VARIABLE = YES;
				INFOPLIST_KEY_UILaunchScreen_Generation = YES;
				INFOPLIST_KEY_UISupportedInterfaceOrientations_iPhone = "UIInterfaceOrientationPortrait UIInterfaceOrientationLandscapeLeft UIInterfaceOrientationLandscapeRight";
				IPHONEOS_DEPLOYMENT_TARGET = 26.0;
				MTL_ENABLE_DEBUG_INFO = INCLUDE_SOURCE;
				MTL_FAST_MATH = YES;
				ONLY_ACTIVE_ARCH = YES;
				PRODUCT_NAME = "$(TARGET_NAME)";
				SDKROOT = iphoneos;
				SWIFT_ACTIVE_COMPILATION_CONDITIONS = DEBUG;
				SWIFT_OPTIMIZATION_LEVEL = "-Onone";
				SWIFT_VERSION = 6.0;
				TARGETED_DEVICE_FAMILY = 1;
			};
			name = Debug;
		};
		A91E020237998F91497A290F /* Debug */ = {
			isa = XCBuildConfiguration;
			buildSettings = {
				ASSETCATALOG_COMPILER_APPICON_NAME = AppIcon;
				CODE_SIGN_ENTITLEMENTS = BioTracker/BioTracker.entitlements;
				CODE_SIGN_IDENTITY = "iPhone Developer";
				CURRENT_PROJECT_VERSION = 1;
				GENERATE_INFOPLIST_FILE = YES;
				INFOPLIST_KEY_CFBundleDisplayName = BioTracker;
				LD_RUNPATH_SEARCH_PATHS = (
					"$(inherited)",
					"@executable_path/Frameworks",
				);
				MARKETING_VERSION = 1.0.0;
				PRODUCT_BUNDLE_IDENTIFIER = com.jordanfrancis.BioTracker;
				SDKROOT = iphoneos;
				TARGETED_DEVICE_FAMILY = "1,2";
			};
			name = Debug;
		};
		CD5CD10D8831C61FD4033C06 /* Release */ = {
			isa = XCBuildConfiguration;
			buildSettings = {
				ASSETCATALOG_COMPILER_APPICON_NAME = AppIcon;
				CODE_SIGN_ENTITLEMENTS = BioTracker/BioTracker.entitlements;
				CODE_SIGN_IDENTITY = "iPhone Developer";
				CURRENT_PROJECT_VERSION = 1;
				GENERATE_INFOPLIST_FILE = YES;
				INFOPLIST_KEY_CFBundleDisplayName = BioTracker;
				LD_RUNPATH_SEARCH_PATHS = (
					"$(inherited)",
					"@executable_path/Frameworks",
				);
				MARKETING_VERSION = 1.0.0;
				PRODUCT_BUNDLE_IDENTIFIER = com.jordanfrancis.BioTracker;
				SDKROOT = iphoneos;
				TARGETED_DEVICE_FAMILY = "1,2";
			};
			name = Release;
		};
		F24A55F0E5CE87356F5EE0DB /* Release */ = {
			isa = XCBuildConfiguration;
			buildSettings = {
				ALWAYS_SEARCH_USER_PATHS = NO;
				CLANG_ANALYZER_NONNULL = YES;
				CLANG_ANALYZER_NUMBER_OBJECT_CONVERSION = YES_AGGRESSIVE;
				CLANG_CXX_LANGUAGE_STANDARD = "gnu++14";
				CLANG_CXX_LIBRARY = "libc++";
				CLANG_ENABLE_MODULES = YES;
				CLANG_ENABLE_OBJC_ARC = YES;
				CLANG_ENABLE_OBJC_WEAK = YES;
				CLANG_WARN_BLOCK_CAPTURE_AUTORELEASING = YES;
				CLANG_WARN_BOOL_CONVERSION = YES;
				CLANG_WARN_COMMA = YES;
				CLANG_WARN_CONSTANT_CONVERSION = YES;
				CLANG_WARN_DEPRECATED_OBJC_IMPLEMENTATIONS = YES;
				CLANG_WARN_DIRECT_OBJC_ISA_USAGE = YES_ERROR;
				CLANG_WARN_DOCUMENTATION_COMMENTS = YES;
				CLANG_WARN_EMPTY_BODY = YES;
				CLANG_WARN_ENUM_CONVERSION = YES;
				CLANG_WARN_INFINITE_RECURSION = YES;
				CLANG_WARN_INT_CONVERSION = YES;
				CLANG_WARN_NON_LITERAL_NULL_CONVERSION = YES;
				CLANG_WARN_OBJC_IMPLICIT_RETAIN_SELF = YES;
				CLANG_WARN_OBJC_LITERAL_CONVERSION = YES;
				CLANG_WARN_OBJC_ROOT_CLASS = YES_ERROR;
				CLANG_WARN_QUOTED_INCLUDE_IN_FRAMEWORK_HEADER = YES;
				CLANG_WARN_RANGE_LOOP_ANALYSIS = YES;
				CLANG_WARN_STRICT_PROTOTYPES = YES;
				CLANG_WARN_SUSPICIOUS_MOVE = YES;
				CLANG_WARN_UNGUARDED_AVAILABILITY = YES_AGGRESSIVE;
				CLANG_WARN_UNREACHABLE_CODE = YES;
				CLANG_WARN__DUPLICATE_METHOD_MATCH = YES;
				COPY_PHASE_STRIP = NO;
				DEBUG_INFORMATION_FORMAT = "dwarf-with-dsym";
				ENABLE_NS_ASSERTIONS = NO;
				ENABLE_STRICT_OBJC_MSGSEND = YES;
				GCC_C_LANGUAGE_STANDARD = gnu11;
				GCC_NO_COMMON_BLOCKS = YES;
				GCC_WARN_64_TO_32_BIT_CONVERSION = YES;
				GCC_WARN_ABOUT_RETURN_TYPE = YES_ERROR;
				GCC_WARN_UNDECLARED_SELECTOR = YES;
				GCC_WARN_UNINITIALIZED_AUTOS = YES_AGGRESSIVE;
				GCC_WARN_UNUSED_FUNCTION = YES;
				GCC_WARN_UNUSED_VARIABLE = YES;
				INFOPLIST_KEY_UILaunchScreen_Generation = YES;
				INFOPLIST_KEY_UISupportedInterfaceOrientations_iPhone = "UIInterfaceOrientationPortrait UIInterfaceOrientationLandscapeLeft UIInterfaceOrientationLandscapeRight";
				IPHONEOS_DEPLOYMENT_TARGET = 26.0;
				MTL_ENABLE_DEBUG_INFO = NO;
				MTL_FAST_MATH = YES;
				PRODUCT_NAME = "$(TARGET_NAME)";
				SDKROOT = iphoneos;
				SWIFT_COMPILATION_MODE = wholemodule;
				SWIFT_OPTIMIZATION_LEVEL = "-O";
				SWIFT_VERSION = 6.0;
				TARGETED_DEVICE_FAMILY = 1;
			};
			name = Release;
		};
/* End XCBuildConfiguration section */

/* Begin XCConfigurationList section */
		7C3C5687A2A0F808D07EDF64 /* Build configuration list for PBXProject "BioTracker" */ = {
			isa = XCConfigurationList;
			buildConfigurations = (
				9AEB4B970F89DADA33FF1EC9 /* Debug */,
				F24A55F0E5CE87356F5EE0DB /* Release */,
			);
			defaultConfigurationIsVisible = 0;
			defaultConfigurationName = Debug;
		};
		9D8F70EBF6D2300DA881F190 /* Build configuration list for PBXNativeTarget "BioTracker" */ = {
			isa = XCConfigurationList;
			buildConfigurations = (
				A91E020237998F91497A290F /* Debug */,
				CD5CD10D8831C61FD4033C06 /* Release */,
			);
			defaultConfigurationIsVisible = 0;
			defaultConfigurationName = Debug;
		};
/* End XCConfigurationList section */
	};
	rootObject = BF6C54E3874308D52D02EBBB /* Project object */;
}
